# THIS IS AN AUTOGENERATED FILE. DO NOT EDIT THIS FILE DIRECTLY.
# yarn lockfile v1


"@babel/polyfill@^7.5.5":
  version "7.11.5"
  resolved "https://registry.npm.taobao.org/@babel/polyfill/download/@babel/polyfill-7.11.5.tgz#df550b2ec53abbc2ed599367ec59e64c7a707bb5"
  integrity sha1-31ULLsU6u8LtWZNn7FnmTHpwe7U=
  dependencies:
    core-js "^2.6.5"
    regenerator-runtime "^0.13.4"

core-js@3.3.5:
  version "3.3.5"
  resolved "https://registry.npm.taobao.org/core-js/download/core-js-3.3.5.tgz?cache=0&sync_timestamp=1586450269267&other_urls=https%3A%2F%2Fregistry.npm.taobao.org%2Fcore-js%2Fdownload%2Fcore-js-3.3.5.tgz#58d20f48a95a07304b62ff752742b82b56431ed8"
  integrity sha1-WNIPSKlaBzBLYv91J0K4K1ZDHtg=

core-js@^2.6.5:
  version "2.6.11"
  resolved "https://registry.npm.taobao.org/core-js/download/core-js-2.6.11.tgz?cache=0&sync_timestamp=1586450269267&other_urls=https%3A%2F%2Fregistry.npm.taobao.org%2Fcore-js%2Fdownload%2Fcore-js-2.6.11.tgz#38831469f9922bded8ee21c9dc46985e0399308c"
  integrity sha1-OIMUafmSK97Y7iHJ3EaYXgOZMIw=

le5le-store@^1.0.7:
  version "1.0.7"
  resolved "https://registry.npm.taobao.org/le5le-store/download/le5le-store-1.0.7.tgz#73417e00cbd3d8a1010b31795496323adfc7bc47"
  integrity sha1-c0F+AMvT2KEBCzF5VJYyOt/HvEc=

regenerator-runtime@^0.13.4:
  version "0.13.7"
  resolved "https://registry.npm.taobao.org/regenerator-runtime/download/regenerator-runtime-0.13.7.tgz?cache=0&sync_timestamp=1595456367497&other_urls=https%3A%2F%2Fregistry.npm.taobao.org%2Fregenerator-runtime%2Fdownload%2Fregenerator-runtime-0.13.7.tgz#cac2dacc8a1ea675feaabaeb8ae833898ae46f55"
  integrity sha1-ysLazIoepnX+qrrriugziYrkb1U=

topology-bundle@latest:
  version "0.3.28"
  resolved "https://registry.npm.taobao.org/topology-bundle/download/topology-bundle-0.3.28.tgz#5831f5552daafab9c11dd10ab540f35614b207b2"
  integrity sha1-WDH1VS2q+rnBHdEKtUDzVhSyB7I=
  dependencies:
    "@babel/polyfill" "^7.5.5"
    core-js "3.3.5"
    le5le-store "^1.0.7"
